// !$*UTF8*$!
{
	archiveVersion = 1;
	classes = {
	};
	objectVersion = 56;
	objects = {

/* Begin PBXBuildFile section */
		AFE65F692C7DACFD00DE023E /* SaveView.swift in Sources */ = {isa = PBXBuildFile; fileRef = AFE65F682C7DACFD00DE023E /* SaveView.swift */; };
		AFE65FAC2C8194E700DE023E /* RadioButton.swift in Sources */ = {isa = PBXBuildFile; fileRef = AFE65FAB2C8194E700DE023E /* RadioButton.swift */; };
		AFE65FB02C82DB4C00DE023E /* Toast.swift in Sources */ = {isa = PBXBuildFile; fileRef = AFE65FAF2C82DB4C00DE023E /* Toast.swift */; };
		AFE65FB22C82DC4E00DE023E /* SaveViewModel.swift in Sources */ = {isa = PBXBuildFile; fileRef = AFE65FB12C82DC4E00DE023E /* SaveViewModel.swift */; };
		AFE65FB62C82E3C600DE023E /* SaveModel.swift in Sources */ = {isa = PBXBuildFile; fileRef = AFE65FB52C82E3C600DE023E /* SaveModel.swift */; };
		AFE65FB82C82E44200DE023E /* LogManager.swift in Sources */ = {isa = PBXBuildFile; fileRef = AFE65FB72C82E44200DE023E /* LogManager.swift */; };
		AFE65FBA2C82EFA300DE023E /* FormHeaderView.swift in Sources */ = {isa = PBXBuildFile; fileRef = AFE65FB92C82EFA300DE023E /* FormHeaderView.swift */; };
		AFE65FBC2C8335F700DE023E /* ReadView.swift in Sources */ = {isa = PBXBuildFile; fileRef = AFE65FBB2C8335F700DE023E /* ReadView.swift */; };
		AFE65FBE2C834F8D00DE023E /* ReadViewModel.swift in Sources */ = {isa = PBXBuildFile; fileRef = AFE65FBD2C834F8D00DE023E /* ReadViewModel.swift */; };
		AFE65FC02C8354F700DE023E /* RemoveViewModel.swift in Sources */ = {isa = PBXBuildFile; fileRef = AFE65FBF2C8354F700DE023E /* RemoveViewModel.swift */; };
		AFF7CE6C2C7C886700AC12A1 /* Preview Assets.xcassets in Resources */ = {isa = PBXBuildFile; fileRef = AFF7CE652C7C886600AC12A1 /* Preview Assets.xcassets */; };
		AFF7CE6D2C7C886700AC12A1 /* Assets.xcassets in Resources */ = {isa = PBXBuildFile; fileRef = AFF7CE672C7C886600AC12A1 /* Assets.xcassets */; };
		AFF7CE6E2C7C886700AC12A1 /* HomeView.swift in Sources */ = {isa = PBXBuildFile; fileRef = AFF7CE682C7C886600AC12A1 /* HomeView.swift */; };
		AFF7CE6F2C7C886700AC12A1 /* RCacheDemoApp.swift in Sources */ = {isa = PBXBuildFile; fileRef = AFF7CE692C7C886600AC12A1 /* RCacheDemoApp.swift */; };
		AFF7CE712C7C918700AC12A1 /* Router.swift in Sources */ = {isa = PBXBuildFile; fileRef = AFF7CE702C7C918700AC12A1 /* Router.swift */; };
		AFF7CE752C7C975A00AC12A1 /* FloatingMenu.swift in Sources */ = {isa = PBXBuildFile; fileRef = AFF7CE742C7C975A00AC12A1 /* FloatingMenu.swift */; };
		AFF7CE7F2C7CA25100AC12A1 /* KeyView.swift in Sources */ = {isa = PBXBuildFile; fileRef = AFF7CE7E2C7CA25100AC12A1 /* KeyView.swift */; };
		AFF7CE832C7CA85F00AC12A1 /* RCache in Frameworks */ = {isa = PBXBuildFile; productRef = AFF7CE822C7CA85F00AC12A1 /* RCache */; };
		AFF7CE852C7CA88A00AC12A1 /* RCache+Key.swift in Sources */ = {isa = PBXBuildFile; fileRef = AFF7CE842C7CA88A00AC12A1 /* RCache+Key.swift */; };
		AFF7CE882C7CAB8A00AC12A1 /* KeyModel.swift in Sources */ = {isa = PBXBuildFile; fileRef = AFF7CE872C7CAB8A00AC12A1 /* KeyModel.swift */; };
		AFF7CE8B2C7CABDD00AC12A1 /* KeyViewModel.swift in Sources */ = {isa = PBXBuildFile; fileRef = AFF7CE8A2C7CABDD00AC12A1 /* KeyViewModel.swift */; };
/* End PBXBuildFile section */

/* Begin PBXFileReference section */
		AFE65F682C7DACFD00DE023E /* SaveView.swift */ = {isa = PBXFileReference; lastKnownFileType = sourcecode.swift; path = SaveView.swift; sourceTree = "<group>"; };
		AFE65FAB2C8194E700DE023E /* RadioButton.swift */ = {isa = PBXFileReference; lastKnownFileType = sourcecode.swift; path = RadioButton.swift; sourceTree = "<group>"; };
		AFE65FAF2C82DB4C00DE023E /* Toast.swift */ = {isa = PBXFileReference; lastKnownFileType = sourcecode.swift; path = Toast.swift; sourceTree = "<group>"; };
		AFE65FB12C82DC4E00DE023E /* SaveViewModel.swift */ = {isa = PBXFileReference; lastKnownFileType = sourcecode.swift; path = SaveViewModel.swift; sourceTree = "<group>"; };
		AFE65FB52C82E3C600DE023E /* SaveModel.swift */ = {isa = PBXFileReference; lastKnownFileType = sourcecode.swift; path = SaveModel.swift; sourceTree = "<group>"; };
		AFE65FB72C82E44200DE023E /* LogManager.swift */ = {isa = PBXFileReference; lastKnownFileType = sourcecode.swift; path = LogManager.swift; sourceTree = "<group>"; };
		AFE65FB92C82EFA300DE023E /* FormHeaderView.swift */ = {isa = PBXFileReference; lastKnownFileType = sourcecode.swift; path = FormHeaderView.swift; sourceTree = "<group>"; };
		AFE65FBB2C8335F700DE023E /* ReadView.swift */ = {isa = PBXFileReference; lastKnownFileType = sourcecode.swift; path = ReadView.swift; sourceTree = "<group>"; };
		AFE65FBD2C834F8D00DE023E /* ReadViewModel.swift */ = {isa = PBXFileReference; lastKnownFileType = sourcecode.swift; path = ReadViewModel.swift; sourceTree = "<group>"; };
		AFE65FBF2C8354F700DE023E /* RemoveViewModel.swift */ = {isa = PBXFileReference; lastKnownFileType = sourcecode.swift; path = RemoveViewModel.swift; sourceTree = "<group>"; };
		AFF7CE532C7C864B00AC12A1 /* RCache Demo.app */ = {isa = PBXFileReference; explicitFileType = wrapper.application; includeInIndex = 0; path = "RCache Demo.app"; sourceTree = BUILT_PRODUCTS_DIR; };
		AFF7CE652C7C886600AC12A1 /* Preview Assets.xcassets */ = {isa = PBXFileReference; lastKnownFileType = folder.assetcatalog; path = "Preview Assets.xcassets"; sourceTree = "<group>"; };
		AFF7CE672C7C886600AC12A1 /* Assets.xcassets */ = {isa = PBXFileReference; lastKnownFileType = folder.assetcatalog; path = Assets.xcassets; sourceTree = "<group>"; };
		AFF7CE682C7C886600AC12A1 /* HomeView.swift */ = {isa = PBXFileReference; fileEncoding = 4; lastKnownFileType = sourcecode.swift; path = HomeView.swift; sourceTree = "<group>"; };
		AFF7CE692C7C886600AC12A1 /* RCacheDemoApp.swift */ = {isa = PBXFileReference; fileEncoding = 4; lastKnownFileType = sourcecode.swift; path = RCacheDemoApp.swift; sourceTree = "<group>"; };
		AFF7CE6A2C7C886600AC12A1 /* RCacheDemoSwift.entitlements */ = {isa = PBXFileReference; fileEncoding = 4; lastKnownFileType = text.plist.entitlements; path = RCacheDemoSwift.entitlements; sourceTree = "<group>"; };
		AFF7CE702C7C918700AC12A1 /* Router.swift */ = {isa = PBXFileReference; lastKnownFileType = sourcecode.swift; path = Router.swift; sourceTree = "<group>"; };
		AFF7CE742C7C975A00AC12A1 /* FloatingMenu.swift */ = {isa = PBXFileReference; lastKnownFileType = sourcecode.swift; path = FloatingMenu.swift; sourceTree = "<group>"; };
		AFF7CE7E2C7CA25100AC12A1 /* KeyView.swift */ = {isa = PBXFileReference; lastKnownFileType = sourcecode.swift; path = KeyView.swift; sourceTree = "<group>"; };
		AFF7CE842C7CA88A00AC12A1 /* RCache+Key.swift */ = {isa = PBXFileReference; lastKnownFileType = sourcecode.swift; path = "RCache+Key.swift"; sourceTree = "<group>"; };
		AFF7CE872C7CAB8A00AC12A1 /* KeyModel.swift */ = {isa = PBXFileReference; lastKnownFileType = sourcecode.swift; path = KeyModel.swift; sourceTree = "<group>"; };
		AFF7CE8A2C7CABDD00AC12A1 /* KeyViewModel.swift */ = {isa = PBXFileReference; lastKnownFileType = sourcecode.swift; path = KeyViewModel.swift; sourceTree = "<group>"; };
/* End PBXFileReference section */

/* Begin PBXFrameworksBuildPhase section */
		AFF7CE502C7C864B00AC12A1 /* Frameworks */ = {
			isa = PBXFrameworksBuildPhase;
			buildActionMask = 2147483647;
			files = (
				AFF7CE832C7CA85F00AC12A1 /* RCache in Frameworks */,
			);
			runOnlyForDeploymentPostprocessing = 0;
		};
/* End PBXFrameworksBuildPhase section */

/* Begin PBXGroup section */
		AFE65FAA2C8194BA00DE023E /* Utils */ = {
			isa = PBXGroup;
			children = (
				AFF7CE742C7C975A00AC12A1 /* FloatingMenu.swift */,
				AFE65FAB2C8194E700DE023E /* RadioButton.swift */,
				AFE65FAF2C82DB4C00DE023E /* Toast.swift */,
				AFE65FB72C82E44200DE023E /* LogManager.swift */,
			);
			path = Utils;
			sourceTree = "<group>";
		};
		AFF7CE4A2C7C864B00AC12A1 = {
			isa = PBXGroup;
			children = (
				AFF7CE6B2C7C886600AC12A1 /* RCacheDemoSwift */,
				AFF7CE542C7C864B00AC12A1 /* Products */,
			);
			sourceTree = "<group>";
		};
		AFF7CE542C7C864B00AC12A1 /* Products */ = {
			isa = PBXGroup;
			children = (
				AFF7CE532C7C864B00AC12A1 /* RCache Demo.app */,
			);
			name = Products;
			sourceTree = "<group>";
		};
		AFF7CE662C7C886600AC12A1 /* Preview Content */ = {
			isa = PBXGroup;
			children = (
				AFF7CE652C7C886600AC12A1 /* Preview Assets.xcassets */,
			);
			path = "Preview Content";
			sourceTree = "<group>";
		};
		AFF7CE6B2C7C886600AC12A1 /* RCacheDemoSwift */ = {
			isa = PBXGroup;
			children = (
				AFE65FAA2C8194BA00DE023E /* Utils */,
				AFF7CE862C7CAB8000AC12A1 /* Models */,
				AFF7CE802C7CA2B600AC12A1 /* Views */,
				AFF7CE892C7CABC000AC12A1 /* ViewModels */,
				AFF7CE692C7C886600AC12A1 /* RCacheDemoApp.swift */,
				AFF7CE702C7C918700AC12A1 /* Router.swift */,
				AFF7CE842C7CA88A00AC12A1 /* RCache+Key.swift */,
				AFF7CE6A2C7C886600AC12A1 /* RCacheDemoSwift.entitlements */,
				AFF7CE672C7C886600AC12A1 /* Assets.xcassets */,
				AFF7CE662C7C886600AC12A1 /* Preview Content */,
			);
			path = RCacheDemoSwift;
			sourceTree = "<group>";
		};
		AFF7CE802C7CA2B600AC12A1 /* Views */ = {
			isa = PBXGroup;
			children = (
				AFE65FB92C82EFA300DE023E /* FormHeaderView.swift */,
				AFF7CE682C7C886600AC12A1 /* HomeView.swift */,
				AFF7CE7E2C7CA25100AC12A1 /* KeyView.swift */,
				AFE65F682C7DACFD00DE023E /* SaveView.swift */,
				AFE65FBB2C8335F700DE023E /* ReadView.swift */,
			);
			path = Views;
			sourceTree = "<group>";
		};
		AFF7CE862C7CAB8000AC12A1 /* Models */ = {
			isa = PBXGroup;
			children = (
				AFF7CE872C7CAB8A00AC12A1 /* KeyModel.swift */,
				AFE65FB52C82E3C600DE023E /* SaveModel.swift */,
			);
			path = Models;
			sourceTree = "<group>";
		};
		AFF7CE892C7CABC000AC12A1 /* ViewModels */ = {
			isa = PBXGroup;
			children = (
				AFF7CE8A2C7CABDD00AC12A1 /* KeyViewModel.swift */,
				AFE65FB12C82DC4E00DE023E /* SaveViewModel.swift */,
				AFE65FBD2C834F8D00DE023E /* ReadViewModel.swift */,
				AFE65FBF2C8354F700DE023E /* RemoveViewModel.swift */,
			);
			path = ViewModels;
			sourceTree = "<group>";
		};
/* End PBXGroup section */

/* Begin PBXNativeTarget section */
		AFF7CE522C7C864B00AC12A1 /* RCacheDemoSwift */ = {
			isa = PBXNativeTarget;
			buildConfigurationList = AFF7CE622C7C864C00AC12A1 /* Build configuration list for PBXNativeTarget "RCacheDemoSwift" */;
			buildPhases = (
				AFF7CE4F2C7C864B00AC12A1 /* Sources */,
				AFF7CE502C7C864B00AC12A1 /* Frameworks */,
				AFF7CE512C7C864B00AC12A1 /* Resources */,
			);
			buildRules = (
			);
			dependencies = (
			);
			name = RCacheDemoSwift;
			packageProductDependencies = (
				AFF7CE822C7CA85F00AC12A1 /* RCache */,
			);
			productName = RCacheDemoSwift;
			productReference = AFF7CE532C7C864B00AC12A1 /* RCache Demo.app */;
			productType = "com.apple.product-type.application";
		};
/* End PBXNativeTarget section */

/* Begin PBXProject section */
		AFF7CE4B2C7C864B00AC12A1 /* Project object */ = {
			isa = PBXProject;
			attributes = {
				BuildIndependentTargetsInParallel = 1;
				LastSwiftUpdateCheck = 1540;
				LastUpgradeCheck = 1540;
				TargetAttributes = {
					AFF7CE522C7C864B00AC12A1 = {
						CreatedOnToolsVersion = 15.4;
					};
				};
			};
			buildConfigurationList = AFF7CE4E2C7C864B00AC12A1 /* Build configuration list for PBXProject "RCacheDemoSwift" */;
			compatibilityVersion = "Xcode 14.0";
			developmentRegion = en;
			hasScannedForEncodings = 0;
			knownRegions = (
				en,
				Base,
			);
			mainGroup = AFF7CE4A2C7C864B00AC12A1;
			packageReferences = (
				AFF7CE812C7CA85F00AC12A1 /* XCRemoteSwiftPackageReference "RCache-Swift" */,
			);
			productRefGroup = AFF7CE542C7C864B00AC12A1 /* Products */;
			projectDirPath = "";
			projectRoot = "";
			targets = (
				AFF7CE522C7C864B00AC12A1 /* RCacheDemoSwift */,
			);
		};
/* End PBXProject section */

/* Begin PBXResourcesBuildPhase section */
		AFF7CE512C7C864B00AC12A1 /* Resources */ = {
			isa = PBXResourcesBuildPhase;
			buildActionMask = 2147483647;
			files = (
				AFF7CE6C2C7C886700AC12A1 /* Preview Assets.xcassets in Resources */,
				AFF7CE6D2C7C886700AC12A1 /* Assets.xcassets in Resources */,
			);
			runOnlyForDeploymentPostprocessing = 0;
		};
/* End PBXResourcesBuildPhase section */

/* Begin PBXSourcesBuildPhase section */
		AFF7CE4F2C7C864B00AC12A1 /* Sources */ = {
			isa = PBXSourcesBuildPhase;
			buildActionMask = 2147483647;
			files = (
				AFE65FB02C82DB4C00DE023E /* Toast.swift in Sources */,
				AFF7CE6F2C7C886700AC12A1 /* RCacheDemoApp.swift in Sources */,
				AFF7CE852C7CA88A00AC12A1 /* RCache+Key.swift in Sources */,
				AFE65FB22C82DC4E00DE023E /* SaveViewModel.swift in Sources */,
				AFF7CE8B2C7CABDD00AC12A1 /* KeyViewModel.swift in Sources */,
				AFE65FAC2C8194E700DE023E /* RadioButton.swift in Sources */,
				AFF7CE882C7CAB8A00AC12A1 /* KeyModel.swift in Sources */,
				AFE65FBE2C834F8D00DE023E /* ReadViewModel.swift in Sources */,
				AFE65FC02C8354F700DE023E /* RemoveViewModel.swift in Sources */,
				AFE65FBC2C8335F700DE023E /* ReadView.swift in Sources */,
				AFF7CE7F2C7CA25100AC12A1 /* KeyView.swift in Sources */,
				AFF7CE712C7C918700AC12A1 /* Router.swift in Sources */,
				AFE65F692C7DACFD00DE023E /* SaveView.swift in Sources */,
				AFF7CE6E2C7C886700AC12A1 /* HomeView.swift in Sources */,
				AFF7CE752C7C975A00AC12A1 /* FloatingMenu.swift in Sources */,
				AFE65FBA2C82EFA300DE023E /* FormHeaderView.swift in Sources */,
				AFE65FB82C82E44200DE023E /* LogManager.swift in Sources */,
				AFE65FB62C82E3C600DE023E /* SaveModel.swift in Sources */,
			);
			runOnlyForDeploymentPostprocessing = 0;
		};
/* End PBXSourcesBuildPhase section */

/* Begin XCBuildConfiguration section */
		AFF7CE602C7C864C00AC12A1 /* Debug */ = {
			isa = XCBuildConfiguration;
			buildSettings = {
				ALWAYS_SEARCH_USER_PATHS = NO;
				ASSETCATALOG_COMPILER_GENERATE_SWIFT_ASSET_SYMBOL_EXTENSIONS = YES;
				CLANG_ANALYZER_NONNULL = YES;
				CLANG_ANALYZER_NUMBER_OBJECT_CONVERSION = YES_AGGRESSIVE;
				CLANG_CXX_LANGUAGE_STANDARD = "gnu++20";
				CLANG_ENABLE_MODULES = YES;
				CLANG_ENABLE_OBJC_ARC = YES;
				CLANG_ENABLE_OBJC_WEAK = YES;
				CLANG_WARN_BLOCK_CAPTURE_AUTORELEASING = YES;
				CLANG_WARN_BOOL_CONVERSION = YES;
				CLANG_WARN_COMMA = YES;
				CLANG_WARN_CONSTANT_CONVERSION = YES;
				CLANG_WARN_DEPRECATED_OBJC_IMPLEMENTATIONS = YES;
				CLANG_WARN_DIRECT_OBJC_ISA_USAGE = YES_ERROR;
				CLANG_WARN_DOCUMENTATION_COMMENTS = YES;
				CLANG_WARN_EMPTY_BODY = YES;
				CLANG_WARN_ENUM_CONVERSION = YES;
				CLANG_WARN_INFINITE_RECURSION = YES;
				CLANG_WARN_INT_CONVERSION = YES;
				CLANG_WARN_NON_LITERAL_NULL_CONVERSION = YES;
				CLANG_WARN_OBJC_IMPLICIT_RETAIN_SELF = YES;
				CLANG_WARN_OBJC_LITERAL_CONVERSION = YES;
				CLANG_WARN_OBJC_ROOT_CLASS = YES_ERROR;
				CLANG_WARN_QUOTED_INCLUDE_IN_FRAMEWORK_HEADER = YES;
				CLANG_WARN_RANGE_LOOP_ANALYSIS = YES;
				CLANG_WARN_STRICT_PROTOTYPES = YES;
				CLANG_WARN_SUSPICIOUS_MOVE = YES;
				CLANG_WARN_UNGUARDED_AVAILABILITY = YES_AGGRESSIVE;
				CLANG_WARN_UNREACHABLE_CODE = YES;
				CLANG_WARN__DUPLICATE_METHOD_MATCH = YES;
				COPY_PHASE_STRIP = NO;
				DEBUG_INFORMATION_FORMAT = dwarf;
				ENABLE_STRICT_OBJC_MSGSEND = YES;
				ENABLE_TESTABILITY = YES;
				ENABLE_USER_SCRIPT_SANDBOXING = YES;
				GCC_C_LANGUAGE_STANDARD = gnu17;
				GCC_DYNAMIC_NO_PIC = NO;
				GCC_NO_COMMON_BLOCKS = YES;
				GCC_OPTIMIZATION_LEVEL = 0;
				GCC_PREPROCESSOR_DEFINITIONS = (
					"DEBUG=1",
					"$(inherited)",
				);
				GCC_WARN_64_TO_32_BIT_CONVERSION = YES;
				GCC_WARN_ABOUT_RETURN_TYPE = YES_ERROR;
				GCC_WARN_UNDECLARED_SELECTOR = YES;
				GCC_WARN_UNINITIALIZED_AUTOS = YES_AGGRESSIVE;
				GCC_WARN_UNUSED_FUNCTION = YES;
				GCC_WARN_UNUSED_VARIABLE = YES;
				LOCALIZATION_PREFERS_STRING_CATALOGS = YES;
				MTL_ENABLE_DEBUG_INFO = INCLUDE_SOURCE;
				MTL_FAST_MATH = YES;
				ONLY_ACTIVE_ARCH = YES;
				SWIFT_ACTIVE_COMPILATION_CONDITIONS = "DEBUG $(inherited)";
				SWIFT_OPTIMIZATION_LEVEL = "-Onone";
			};
			name = Debug;
		};
		AFF7CE612C7C864C00AC12A1 /* Release */ = {
			isa = XCBuildConfiguration;
			buildSettings = {
				ALWAYS_SEARCH_USER_PATHS = NO;
				ASSETCATALOG_COMPILER_GENERATE_SWIFT_ASSET_SYMBOL_EXTENSIONS = YES;
				CLANG_ANALYZER_NONNULL = YES;
				CLANG_ANALYZER_NUMBER_OBJECT_CONVERSION = YES_AGGRESSIVE;
				CLANG_CXX_LANGUAGE_STANDARD = "gnu++20";
				CLANG_ENABLE_MODULES = YES;
				CLANG_ENABLE_OBJC_ARC = YES;
				CLANG_ENABLE_OBJC_WEAK = YES;
				CLANG_WARN_BLOCK_CAPTURE_AUTORELEASING = YES;
				CLANG_WARN_BOOL_CONVERSION = YES;
				CLANG_WARN_COMMA = YES;
				CLANG_WARN_CONSTANT_CONVERSION = YES;
				CLANG_WARN_DEPRECATED_OBJC_IMPLEMENTATIONS = YES;
				CLANG_WARN_DIRECT_OBJC_ISA_USAGE = YES_ERROR;
				CLANG_WARN_DOCUMENTATION_COMMENTS = YES;
				CLANG_WARN_EMPTY_BODY = YES;
				CLANG_WARN_ENUM_CONVERSION = YES;
				CLANG_WARN_INFINITE_RECURSION = YES;
				CLANG_WARN_INT_CONVERSION = YES;
				CLANG_WARN_NON_LITERAL_NULL_CONVERSION = YES;
				CLANG_WARN_OBJC_IMPLICIT_RETAIN_SELF = YES;
				CLANG_WARN_OBJC_LITERAL_CONVERSION = YES;
				CLANG_WARN_OBJC_ROOT_CLASS = YES_ERROR;
				CLANG_WARN_QUOTED_INCLUDE_IN_FRAMEWORK_HEADER = YES;
				CLANG_WARN_RANGE_LOOP_ANALYSIS = YES;
				CLANG_WARN_STRICT_PROTOTYPES = YES;
				CLANG_WARN_SUSPICIOUS_MOVE = YES;
				CLANG_WARN_UNGUARDED_AVAILABILITY = YES_AGGRESSIVE;
				CLANG_WARN_UNREACHABLE_CODE = YES;
				CLANG_WARN__DUPLICATE_METHOD_MATCH = YES;
				COPY_PHASE_STRIP = NO;
				DEBUG_INFORMATION_FORMAT = "dwarf-with-dsym";
				ENABLE_NS_ASSERTIONS = NO;
				ENABLE_STRICT_OBJC_MSGSEND = YES;
				ENABLE_USER_SCRIPT_SANDBOXING = YES;
				GCC_C_LANGUAGE_STANDARD = gnu17;
				GCC_NO_COMMON_BLOCKS = YES;
				GCC_WARN_64_TO_32_BIT_CONVERSION = YES;
				GCC_WARN_ABOUT_RETURN_TYPE = YES_ERROR;
				GCC_WARN_UNDECLARED_SELECTOR = YES;
				GCC_WARN_UNINITIALIZED_AUTOS = YES_AGGRESSIVE;
				GCC_WARN_UNUSED_FUNCTION = YES;
				GCC_WARN_UNUSED_VARIABLE = YES;
				LOCALIZATION_PREFERS_STRING_CATALOGS = YES;
				MTL_ENABLE_DEBUG_INFO = NO;
				MTL_FAST_MATH = YES;
				SWIFT_COMPILATION_MODE = wholemodule;
			};
			name = Release;
		};
		AFF7CE632C7C864C00AC12A1 /* Debug */ = {
			isa = XCBuildConfiguration;
			buildSettings = {
				ASSETCATALOG_COMPILER_APPICON_NAME = AppIcon;
				ASSETCATALOG_COMPILER_GLOBAL_ACCENT_COLOR_NAME = AccentColor;
				CODE_SIGN_ENTITLEMENTS = RCacheDemoSwift/RCacheDemoSwift.entitlements;
				"CODE_SIGN_IDENTITY[sdk=macosx*]" = "Apple Development";
				CODE_SIGN_STYLE = Automatic;
				CURRENT_PROJECT_VERSION = 1;
				DEVELOPMENT_ASSET_PATHS = "\"RCacheDemoSwift/Preview Content\"";
				DEVELOPMENT_TEAM = MNGAL283XP;
				ENABLE_HARDENED_RUNTIME = YES;
				ENABLE_PREVIEWS = YES;
				GENERATE_INFOPLIST_FILE = YES;
				"INFOPLIST_KEY_UIApplicationSceneManifest_Generation[sdk=iphoneos*]" = YES;
				"INFOPLIST_KEY_UIApplicationSceneManifest_Generation[sdk=iphonesimulator*]" = YES;
				"INFOPLIST_KEY_UIApplicationSupportsIndirectInputEvents[sdk=iphoneos*]" = YES;
				"INFOPLIST_KEY_UIApplicationSupportsIndirectInputEvents[sdk=iphonesimulator*]" = YES;
				"INFOPLIST_KEY_UILaunchScreen_Generation[sdk=iphoneos*]" = YES;
				"INFOPLIST_KEY_UILaunchScreen_Generation[sdk=iphonesimulator*]" = YES;
				"INFOPLIST_KEY_UIStatusBarStyle[sdk=iphoneos*]" = UIStatusBarStyleDefault;
				"INFOPLIST_KEY_UIStatusBarStyle[sdk=iphonesimulator*]" = UIStatusBarStyleDefault;
				INFOPLIST_KEY_UISupportedInterfaceOrientations_iPad = "UIInterfaceOrientationPortrait UIInterfaceOrientationPortraitUpsideDown UIInterfaceOrientationLandscapeLeft UIInterfaceOrientationLandscapeRight";
				INFOPLIST_KEY_UISupportedInterfaceOrientations_iPhone = "UIInterfaceOrientationPortrait UIInterfaceOrientationLandscapeLeft UIInterfaceOrientationLandscapeRight";
				IPHONEOS_DEPLOYMENT_TARGET = 17.5;
				LD_RUNPATH_SEARCH_PATHS = "@executable_path/Frameworks";
				"LD_RUNPATH_SEARCH_PATHS[sdk=macosx*]" = "@executable_path/../Frameworks";
				MACOSX_DEPLOYMENT_TARGET = 14.5;
				MARKETING_VERSION = 1.0;
				PRODUCT_BUNDLE_IDENTIFIER = id.nesd.rcache.demo;
				PRODUCT_NAME = "RCache Demo";
				SDKROOT = auto;
				SUPPORTED_PLATFORMS = "iphoneos iphonesimulator macosx";
				SWIFT_EMIT_LOC_STRINGS = YES;
				SWIFT_VERSION = 5.0;
				TARGETED_DEVICE_FAMILY = "1,2";
			};
			name = Debug;
		};
		AFF7CE642C7C864C00AC12A1 /* Release */ = {
			isa = XCBuildConfiguration;
			buildSettings = {
				ASSETCATALOG_COMPILER_APPICON_NAME = AppIcon;
				ASSETCATALOG_COMPILER_GLOBAL_ACCENT_COLOR_NAME = AccentColor;
				CODE_SIGN_ENTITLEMENTS = RCacheDemoSwift/RCacheDemoSwift.entitlements;
				"CODE_SIGN_IDENTITY[sdk=macosx*]" = "Apple Development";
				CODE_SIGN_STYLE = Automatic;
				CURRENT_PROJECT_VERSION = 1;
				DEVELOPMENT_ASSET_PATHS = "\"RCacheDemoSwift/Preview Content\"";
				DEVELOPMENT_TEAM = MNGAL283XP;
				ENABLE_HARDENED_RUNTIME = YES;
				ENABLE_PREVIEWS = YES;
				GENERATE_INFOPLIST_FILE = YES;
				"INFOPLIST_KEY_UIApplicationSceneManifest_Generation[sdk=iphoneos*]" = YES;
				"INFOPLIST_KEY_UIApplicationSceneManifest_Generation[sdk=iphonesimulator*]" = YES;
				"INFOPLIST_KEY_UIApplicationSupportsIndirectInputEvents[sdk=iphoneos*]" = YES;
				"INFOPLIST_KEY_UIApplicationSupportsIndirectInputEvents[sdk=iphonesimulator*]" = YES;
				"INFOPLIST_KEY_UILaunchScreen_Generation[sdk=iphoneos*]" = YES;
				"INFOPLIST_KEY_UILaunchScreen_Generation[sdk=iphonesimulator*]" = YES;
				"INFOPLIST_KEY_UIStatusBarStyle[sdk=iphoneos*]" = UIStatusBarStyleDefault;
				"INFOPLIST_KEY_UIStatusBarStyle[sdk=iphonesimulator*]" = UIStatusBarStyleDefault;
				INFOPLIST_KEY_UISupportedInterfaceOrientations_iPad = "UIInterfaceOrientationPortrait UIInterfaceOrientationPortraitUpsideDown UIInterfaceOrientationLandscapeLeft UIInterfaceOrientationLandscapeRight";
				INFOPLIST_KEY_UISupportedInterfaceOrientations_iPhone = "UIInterfaceOrientationPortrait UIInterfaceOrientationLandscapeLeft UIInterfaceOrientationLandscapeRight";
				IPHONEOS_DEPLOYMENT_TARGET = 17.5;
				LD_RUNPATH_SEARCH_PATHS = "@executable_path/Frameworks";
				"LD_RUNPATH_SEARCH_PATHS[sdk=macosx*]" = "@executable_path/../Frameworks";
				MACOSX_DEPLOYMENT_TARGET = 14.5;
				MARKETING_VERSION = 1.0;
				PRODUCT_BUNDLE_IDENTIFIER = id.nesd.rcache.demo;
				PRODUCT_NAME = "RCache Demo";
				SDKROOT = auto;
				SUPPORTED_PLATFORMS = "iphoneos iphonesimulator macosx";
				SWIFT_EMIT_LOC_STRINGS = YES;
				SWIFT_VERSION = 5.0;
				TARGETED_DEVICE_FAMILY = "1,2";
			};
			name = Release;
		};
/* End XCBuildConfiguration section */

/* Begin XCConfigurationList section */
		AFF7CE4E2C7C864B00AC12A1 /* Build configuration list for PBXProject "RCacheDemoSwift" */ = {
			isa = XCConfigurationList;
			buildConfigurations = (
				AFF7CE602C7C864C00AC12A1 /* Debug */,
				AFF7CE612C7C864C00AC12A1 /* Release */,
			);
			defaultConfigurationIsVisible = 0;
			defaultConfigurationName = Release;
		};
		AFF7CE622C7C864C00AC12A1 /* Build configuration list for PBXNativeTarget "RCacheDemoSwift" */ = {
			isa = XCConfigurationList;
			buildConfigurations = (
				AFF7CE632C7C864C00AC12A1 /* Debug */,
				AFF7CE642C7C864C00AC12A1 /* Release */,
			);
			defaultConfigurationIsVisible = 0;
			defaultConfigurationName = Release;
		};
/* End XCConfigurationList section */

/* Begin XCRemoteSwiftPackageReference section */
		AFF7CE812C7CA85F00AC12A1 /* XCRemoteSwiftPackageReference "RCache-Swift" */ = {
			isa = XCRemoteSwiftPackageReference;
			repositoryURL = "https://github.com/rahmat3nanda/RCache-Swift";
			requirement = {
				kind = upToNextMajorVersion;
				minimumVersion = 1.0.2;
			};
		};
/* End XCRemoteSwiftPackageReference section */

/* Begin XCSwiftPackageProductDependency section */
		AFF7CE822C7CA85F00AC12A1 /* RCache */ = {
			isa = XCSwiftPackageProductDependency;
			package = AFF7CE812C7CA85F00AC12A1 /* XCRemoteSwiftPackageReference "RCache-Swift" */;
			productName = RCache;
		};
/* End XCSwiftPackageProductDependency section */
	};
	rootObject = AFF7CE4B2C7C864B00AC12A1 /* Project object */;
}
